
Microsoft Visual Studio Solution File, Format Version 12.00
# Visual Studio Version 16
VisualStudioVersion = 16.0.30804.86
MinimumVisualStudioVersion = 10.0.40219.1
Project("{FAE04EC0-301F-11D3-BF4B-00C04F79EFBC}") = "210928", "210928\210928.csproj", "{594B8841-EBC5-40AE-AB1A-95E8484C9CC5}"
EndProject
Global
	GlobalSection(SolutionConfigurationPlatforms) = preSolution
		Debug|Any CPU = Debug|Any CPU
		Release|Any CPU = Release|Any CPU
	EndGlobalSection
	GlobalSection(ProjectConfigurationPlatforms) = postSolution
		{594B8841-EBC5-40AE-AB1A-95E8484C9CC5}.Debug|Any CPU.ActiveCfg = Debug|Any CPU
		{594B8841-EBC5-40AE-AB1A-95E8484C9CC5}.Debug|Any CPU.Build.0 = Debug|Any CPU
		{594B8841-EBC5-40AE-AB1A-95E8484C9CC5}.Release|Any CPU.ActiveCfg = Release|Any CPU
		{594B8841-EBC5-40AE-AB1A-95E8484C9CC5}.Release|Any CPU.Build.0 = Release|Any CPU
	EndGlobalSection
	GlobalSection(SolutionProperties) = preSolution
		HideSolutionNode = FALSE
	EndGlobalSection
	GlobalSection(ExtensibilityGlobals) = postSolution
		SolutionGuid = {53FE9142-9F04-4156-82E9-1C317A6E218A}
	EndGlobalSection
EndGlobal
