
Microsoft Visual Studio Solution File, Format Version 12.00
# Visual Studio Version 16
VisualStudioVersion = 16.0.30804.86
MinimumVisualStudioVersion = 10.0.40219.1
Project("{FAE04EC0-301F-11D3-BF4B-00C04F79EFBC}") = "211027", "211027\211027.csproj", "{1746584F-E881-462B-B75D-139C3AB88357}"
EndProject
Global
	GlobalSection(SolutionConfigurationPlatforms) = preSolution
		Debug|Any CPU = Debug|Any CPU
		Release|Any CPU = Release|Any CPU
	EndGlobalSection
	GlobalSection(ProjectConfigurationPlatforms) = postSolution
		{1746584F-E881-462B-B75D-139C3AB88357}.Debug|Any CPU.ActiveCfg = Debug|Any CPU
		{1746584F-E881-462B-B75D-139C3AB88357}.Debug|Any CPU.Build.0 = Debug|Any CPU
		{1746584F-E881-462B-B75D-139C3AB88357}.Release|Any CPU.ActiveCfg = Release|Any CPU
		{1746584F-E881-462B-B75D-139C3AB88357}.Release|Any CPU.Build.0 = Release|Any CPU
	EndGlobalSection
	GlobalSection(SolutionProperties) = preSolution
		HideSolutionNode = FALSE
	EndGlobalSection
	GlobalSection(ExtensibilityGlobals) = postSolution
		SolutionGuid = {597E03F6-4A14-4879-8E9D-44E2740E2067}
	EndGlobalSection
EndGlobal
