
Microsoft Visual Studio Solution File, Format Version 12.00
# Visual Studio Version 16
VisualStudioVersion = 16.0.30804.86
MinimumVisualStudioVersion = 10.0.40219.1
Project("{FAE04EC0-301F-11D3-BF4B-00C04F79EFBC}") = "211102", "211102\211102.csproj", "{3BA5FCD4-5BF3-4D00-AF3D-1C98047E1899}"
EndProject
Global
	GlobalSection(SolutionConfigurationPlatforms) = preSolution
		Debug|Any CPU = Debug|Any CPU
		Release|Any CPU = Release|Any CPU
	EndGlobalSection
	GlobalSection(ProjectConfigurationPlatforms) = postSolution
		{3BA5FCD4-5BF3-4D00-AF3D-1C98047E1899}.Debug|Any CPU.ActiveCfg = Debug|Any CPU
		{3BA5FCD4-5BF3-4D00-AF3D-1C98047E1899}.Debug|Any CPU.Build.0 = Debug|Any CPU
		{3BA5FCD4-5BF3-4D00-AF3D-1C98047E1899}.Release|Any CPU.ActiveCfg = Release|Any CPU
		{3BA5FCD4-5BF3-4D00-AF3D-1C98047E1899}.Release|Any CPU.Build.0 = Release|Any CPU
	EndGlobalSection
	GlobalSection(SolutionProperties) = preSolution
		HideSolutionNode = FALSE
	EndGlobalSection
	GlobalSection(ExtensibilityGlobals) = postSolution
		SolutionGuid = {D4B59318-8E35-4E50-9356-081CA1E01E09}
	EndGlobalSection
EndGlobal
